
Microsoft Visual Studio Solution File, Format Version 11.00
# Visual Web Developer Express 2010
Project("{FAE04EC0-301F-11D3-BF4B-00C04F79EFBC}") = "SudokuSolver_v3.2", "SudokuSolver_v3.2.csproj", "{074BA9F0-493D-4D1F-B8C3-55B44DC9AE67}"
EndProject
Global
	GlobalSection(SolutionConfigurationPlatforms) = preSolution
		Debug|Any CPU = Debug|Any CPU
		Release|Any CPU = Release|Any CPU
	EndGlobalSection
	GlobalSection(ProjectConfigurationPlatforms) = postSolution
		{074BA9F0-493D-4D1F-B8C3-55B44DC9AE67}.Debug|Any CPU.ActiveCfg = Debug|Any CPU
		{074BA9F0-493D-4D1F-B8C3-55B44DC9AE67}.Debug|Any CPU.Build.0 = Debug|Any CPU
		{074BA9F0-493D-4D1F-B8C3-55B44DC9AE67}.Release|Any CPU.ActiveCfg = Release|Any CPU
		{074BA9F0-493D-4D1F-B8C3-55B44DC9AE67}.Release|Any CPU.Build.0 = Release|Any CPU
	EndGlobalSection
	GlobalSection(SolutionProperties) = preSolution
		HideSolutionNode = FALSE
	EndGlobalSection
EndGlobal
